// !$*UTF8*$!
{
	archiveVersion = 1;
	classes = {
	};
	objectVersion = 46;
	objects = {

/* Begin PBXBuildFile section */
		6DED76831E7A978D002A0C7F /* AppDelegate.swift in Sources */ = {isa = PBXBuildFile; fileRef = 6DED76821E7A978D002A0C7F /* AppDelegate.swift */; };
		6DED76851E7A978D002A0C7F /* ViewController.swift in Sources */ = {isa = PBXBuildFile; fileRef = 6DED76841E7A978D002A0C7F /* ViewController.swift */; };
		6DED76881E7A978D002A0C7F /* Main.storyboard in Resources */ = {isa = PBXBuildFile; fileRef = 6DED76861E7A978D002A0C7F /* Main.storyboard */; };
		6DED768A1E7A978D002A0C7F /* Assets.xcassets in Resources */ = {isa = PBXBuildFile; fileRef = 6DED76891E7A978D002A0C7F /* Assets.xcassets */; };
		6DED768D1E7A978D002A0C7F /* LaunchScreen.storyboard in Resources */ = {isa = PBXBuildFile; fileRef = 6DED768B1E7A978D002A0C7F /* LaunchScreen.storyboard */; };
		6DED76971E7A9858002A0C7F /* CustomButton.swift in Sources */ = {isa = PBXBuildFile; fileRef = 6DED76961E7A9858002A0C7F /* CustomButton.swift */; };
		E1060F1B1E7B0F23000B93B1 /* A.mp3 in Resources */ = {isa = PBXBuildFile; fileRef = E1060F0E1E7B0F23000B93B1 /* A.mp3 */; };
		E1060F1C1E7B0F23000B93B1 /* A#.mp3 in Resources */ = {isa = PBXBuildFile; fileRef = E1060F0F1E7B0F23000B93B1 /* A#.mp3 */; };
		E1060F1D1E7B0F23000B93B1 /* B.mp3 in Resources */ = {isa = PBXBuildFile; fileRef = E1060F101E7B0F23000B93B1 /* B.mp3 */; };
		E1060F1E1E7B0F23000B93B1 /* C#.mp3 in Resources */ = {isa = PBXBuildFile; fileRef = E1060F111E7B0F23000B93B1 /* C#.mp3 */; };
		E1060F1F1E7B0F23000B93B1 /* C3.mp3 in Resources */ = {isa = PBXBuildFile; fileRef = E1060F121E7B0F23000B93B1 /* C3.mp3 */; };
		E1060F201E7B0F23000B93B1 /* C4.mp3 in Resources */ = {isa = PBXBuildFile; fileRef = E1060F131E7B0F23000B93B1 /* C4.mp3 */; };
		E1060F211E7B0F23000B93B1 /* D.mp3 in Resources */ = {isa = PBXBuildFile; fileRef = E1060F141E7B0F23000B93B1 /* D.mp3 */; };
		E1060F221E7B0F23000B93B1 /* D#.mp3 in Resources */ = {isa = PBXBuildFile; fileRef = E1060F151E7B0F23000B93B1 /* D#.mp3 */; };
		E1060F231E7B0F23000B93B1 /* E.mp3 in Resources */ = {isa = PBXBuildFile; fileRef = E1060F161E7B0F23000B93B1 /* E.mp3 */; };
		E1060F241E7B0F23000B93B1 /* F.mp3 in Resources */ = {isa = PBXBuildFile; fileRef = E1060F171E7B0F23000B93B1 /* F.mp3 */; };
		E1060F251E7B0F23000B93B1 /* F#.mp3 in Resources */ = {isa = PBXBuildFile; fileRef = E1060F181E7B0F23000B93B1 /* F#.mp3 */; };
		E1060F261E7B0F23000B93B1 /* G.mp3 in Resources */ = {isa = PBXBuildFile; fileRef = E1060F191E7B0F23000B93B1 /* G.mp3 */; };
		E1060F271E7B0F23000B93B1 /* G#.mp3 in Resources */ = {isa = PBXBuildFile; fileRef = E1060F1A1E7B0F23000B93B1 /* G#.mp3 */; };
/* End PBXBuildFile section */

/* Begin PBXFileReference section */
		6DED767F1E7A978D002A0C7F /* Piano.app */ = {isa = PBXFileReference; explicitFileType = wrapper.application; includeInIndex = 0; path = Piano.app; sourceTree = BUILT_PRODUCTS_DIR; };
		6DED76821E7A978D002A0C7F /* AppDelegate.swift */ = {isa = PBXFileReference; lastKnownFileType = sourcecode.swift; path = AppDelegate.swift; sourceTree = "<group>"; };
		6DED76841E7A978D002A0C7F /* ViewController.swift */ = {isa = PBXFileReference; lastKnownFileType = sourcecode.swift; path = ViewController.swift; sourceTree = "<group>"; };
		6DED76871E7A978D002A0C7F /* Base */ = {isa = PBXFileReference; lastKnownFileType = file.storyboard; name = Base; path = Base.lproj/Main.storyboard; sourceTree = "<group>"; };
		6DED76891E7A978D002A0C7F /* Assets.xcassets */ = {isa = PBXFileReference; lastKnownFileType = folder.assetcatalog; path = Assets.xcassets; sourceTree = "<group>"; };
		6DED768C1E7A978D002A0C7F /* Base */ = {isa = PBXFileReference; lastKnownFileType = file.storyboard; name = Base; path = Base.lproj/LaunchScreen.storyboard; sourceTree = "<group>"; };
		6DED768E1E7A978D002A0C7F /* Info.plist */ = {isa = PBXFileReference; lastKnownFileType = text.plist.xml; path = Info.plist; sourceTree = "<group>"; };
		6DED76961E7A9858002A0C7F /* CustomButton.swift */ = {isa = PBXFileReference; fileEncoding = 4; lastKnownFileType = sourcecode.swift; path = CustomButton.swift; sourceTree = "<group>"; };
		E1060F0E1E7B0F23000B93B1 /* A.mp3 */ = {isa = PBXFileReference; lastKnownFileType = audio.mp3; path = A.mp3; sourceTree = "<group>"; };
		E1060F0F1E7B0F23000B93B1 /* A#.mp3 */ = {isa = PBXFileReference; lastKnownFileType = audio.mp3; path = "A#.mp3"; sourceTree = "<group>"; };
		E1060F101E7B0F23000B93B1 /* B.mp3 */ = {isa = PBXFileReference; lastKnownFileType = audio.mp3; path = B.mp3; sourceTree = "<group>"; };
		E1060F111E7B0F23000B93B1 /* C#.mp3 */ = {isa = PBXFileReference; lastKnownFileType = audio.mp3; path = "C#.mp3"; sourceTree = "<group>"; };
		E1060F121E7B0F23000B93B1 /* C3.mp3 */ = {isa = PBXFileReference; lastKnownFileType = audio.mp3; path = C3.mp3; sourceTree = "<group>"; };
		E1060F131E7B0F23000B93B1 /* C4.mp3 */ = {isa = PBXFileReference; lastKnownFileType = audio.mp3; path = C4.mp3; sourceTree = "<group>"; };
		E1060F141E7B0F23000B93B1 /* D.mp3 */ = {isa = PBXFileReference; lastKnownFileType = audio.mp3; path = D.mp3; sourceTree = "<group>"; };
		E1060F151E7B0F23000B93B1 /* D#.mp3 */ = {isa = PBXFileReference; lastKnownFileType = audio.mp3; path = "D#.mp3"; sourceTree = "<group>"; };
		E1060F161E7B0F23000B93B1 /* E.mp3 */ = {isa = PBXFileReference; lastKnownFileType = audio.mp3; path = E.mp3; sourceTree = "<group>"; };
		E1060F171E7B0F23000B93B1 /* F.mp3 */ = {isa = PBXFileReference; lastKnownFileType = audio.mp3; path = F.mp3; sourceTree = "<group>"; };
		E1060F181E7B0F23000B93B1 /* F#.mp3 */ = {isa = PBXFileReference; lastKnownFileType = audio.mp3; path = "F#.mp3"; sourceTree = "<group>"; };
		E1060F191E7B0F23000B93B1 /* G.mp3 */ = {isa = PBXFileReference; lastKnownFileType = audio.mp3; path = G.mp3; sourceTree = "<group>"; };
		E1060F1A1E7B0F23000B93B1 /* G#.mp3 */ = {isa = PBXFileReference; lastKnownFileType = audio.mp3; path = "G#.mp3"; sourceTree = "<group>"; };
/* End PBXFileReference section */

/* Begin PBXFrameworksBuildPhase section */
		6DED767C1E7A978D002A0C7F /* Frameworks */ = {
			isa = PBXFrameworksBuildPhase;
			buildActionMask = 2147483647;
			files = (
			);
			runOnlyForDeploymentPostprocessing = 0;
		};
/* End PBXFrameworksBuildPhase section */

/* Begin PBXGroup section */
		6DED76761E7A978D002A0C7F = {
			isa = PBXGroup;
			children = (
				6DED76811E7A978D002A0C7F /* Piano */,
				6DED76801E7A978D002A0C7F /* Products */,
			);
			sourceTree = "<group>";
		};
		6DED76801E7A978D002A0C7F /* Products */ = {
			isa = PBXGroup;
			children = (
				6DED767F1E7A978D002A0C7F /* Piano.app */,
			);
			name = Products;
			sourceTree = "<group>";
		};
		6DED76811E7A978D002A0C7F /* Piano */ = {
			isa = PBXGroup;
			children = (
				6DED76981E7AAD86002A0C7F /* sounds */,
				6DED76821E7A978D002A0C7F /* AppDelegate.swift */,
				6DED76841E7A978D002A0C7F /* ViewController.swift */,
				6DED76861E7A978D002A0C7F /* Main.storyboard */,
				6DED76891E7A978D002A0C7F /* Assets.xcassets */,
				6DED768B1E7A978D002A0C7F /* LaunchScreen.storyboard */,
				6DED768E1E7A978D002A0C7F /* Info.plist */,
				6DED76961E7A9858002A0C7F /* CustomButton.swift */,
			);
			path = Piano;
			sourceTree = "<group>";
		};
		6DED76981E7AAD86002A0C7F /* sounds */ = {
			isa = PBXGroup;
			children = (
				E1060F0E1E7B0F23000B93B1 /* A.mp3 */,
				E1060F0F1E7B0F23000B93B1 /* A#.mp3 */,
				E1060F101E7B0F23000B93B1 /* B.mp3 */,
				E1060F111E7B0F23000B93B1 /* C#.mp3 */,
				E1060F121E7B0F23000B93B1 /* C3.mp3 */,
				E1060F131E7B0F23000B93B1 /* C4.mp3 */,
				E1060F141E7B0F23000B93B1 /* D.mp3 */,
				E1060F151E7B0F23000B93B1 /* D#.mp3 */,
				E1060F161E7B0F23000B93B1 /* E.mp3 */,
				E1060F171E7B0F23000B93B1 /* F.mp3 */,
				E1060F181E7B0F23000B93B1 /* F#.mp3 */,
				E1060F191E7B0F23000B93B1 /* G.mp3 */,
				E1060F1A1E7B0F23000B93B1 /* G#.mp3 */,
			);
			name = sounds;
			sourceTree = "<group>";
		};
/* End PBXGroup section */

/* Begin PBXNativeTarget section */
		6DED767E1E7A978D002A0C7F /* Piano */ = {
			isa = PBXNativeTarget;
			buildConfigurationList = 6DED76911E7A978D002A0C7F /* Build configuration list for PBXNativeTarget "Piano" */;
			buildPhases = (
				6DED767B1E7A978D002A0C7F /* Sources */,
				6DED767C1E7A978D002A0C7F /* Frameworks */,
				6DED767D1E7A978D002A0C7F /* Resources */,
			);
			buildRules = (
			);
			dependencies = (
			);
			name = Piano;
			productName = Piano;
			productReference = 6DED767F1E7A978D002A0C7F /* Piano.app */;
			productType = "com.apple.product-type.application";
		};
/* End PBXNativeTarget section */

/* Begin PBXProject section */
		6DED76771E7A978D002A0C7F /* Project object */ = {
			isa = PBXProject;
			attributes = {
				LastSwiftUpdateCheck = 0820;
				LastUpgradeCheck = 0820;
				ORGANIZATIONNAME = Maor;
				TargetAttributes = {
					6DED767E1E7A978D002A0C7F = {
						CreatedOnToolsVersion = 8.2.1;
						DevelopmentTeam = LE75NS246X;
						ProvisioningStyle = Automatic;
					};
				};
			};
			buildConfigurationList = 6DED767A1E7A978D002A0C7F /* Build configuration list for PBXProject "Piano" */;
			compatibilityVersion = "Xcode 3.2";
			developmentRegion = English;
			hasScannedForEncodings = 0;
			knownRegions = (
				en,
				Base,
			);
			mainGroup = 6DED76761E7A978D002A0C7F;
			productRefGroup = 6DED76801E7A978D002A0C7F /* Products */;
			projectDirPath = "";
			projectRoot = "";
			targets = (
				6DED767E1E7A978D002A0C7F /* Piano */,
			);
		};
/* End PBXProject section */

/* Begin PBXResourcesBuildPhase section */
		6DED767D1E7A978D002A0C7F /* Resources */ = {
			isa = PBXResourcesBuildPhase;
			buildActionMask = 2147483647;
			files = (
				E1060F261E7B0F23000B93B1 /* G.mp3 in Resources */,
				E1060F231E7B0F23000B93B1 /* E.mp3 in Resources */,
				E1060F1C1E7B0F23000B93B1 /* A#.mp3 in Resources */,
				E1060F211E7B0F23000B93B1 /* D.mp3 in Resources */,
				E1060F201E7B0F23000B93B1 /* C4.mp3 in Resources */,
				E1060F1B1E7B0F23000B93B1 /* A.mp3 in Resources */,
				E1060F1F1E7B0F23000B93B1 /* C3.mp3 in Resources */,
				E1060F221E7B0F23000B93B1 /* D#.mp3 in Resources */,
				E1060F241E7B0F23000B93B1 /* F.mp3 in Resources */,
				6DED768D1E7A978D002A0C7F /* LaunchScreen.storyboard in Resources */,
				E1060F251E7B0F23000B93B1 /* F#.mp3 in Resources */,
				E1060F1D1E7B0F23000B93B1 /* B.mp3 in Resources */,
				6DED768A1E7A978D002A0C7F /* Assets.xcassets in Resources */,
				E1060F1E1E7B0F23000B93B1 /* C#.mp3 in Resources */,
				E1060F271E7B0F23000B93B1 /* G#.mp3 in Resources */,
				6DED76881E7A978D002A0C7F /* Main.storyboard in Resources */,
			);
			runOnlyForDeploymentPostprocessing = 0;
		};
/* End PBXResourcesBuildPhase section */

/* Begin PBXSourcesBuildPhase section */
		6DED767B1E7A978D002A0C7F /* Sources */ = {
			isa = PBXSourcesBuildPhase;
			buildActionMask = 2147483647;
			files = (
				6DED76851E7A978D002A0C7F /* ViewController.swift in Sources */,
				6DED76831E7A978D002A0C7F /* AppDelegate.swift in Sources */,
				6DED76971E7A9858002A0C7F /* CustomButton.swift in Sources */,
			);
			runOnlyForDeploymentPostprocessing = 0;
		};
/* End PBXSourcesBuildPhase section */

/* Begin PBXVariantGroup section */
		6DED76861E7A978D002A0C7F /* Main.storyboard */ = {
			isa = PBXVariantGroup;
			children = (
				6DED76871E7A978D002A0C7F /* Base */,
			);
			name = Main.storyboard;
			sourceTree = "<group>";
		};
		6DED768B1E7A978D002A0C7F /* LaunchScreen.storyboard */ = {
			isa = PBXVariantGroup;
			children = (
				6DED768C1E7A978D002A0C7F /* Base */,
			);
			name = LaunchScreen.storyboard;
			sourceTree = "<group>";
		};
/* End PBXVariantGroup section */

/* Begin XCBuildConfiguration section */
		6DED768F1E7A978D002A0C7F /* Debug */ = {
			isa = XCBuildConfiguration;
			buildSettings = {
				ALWAYS_SEARCH_USER_PATHS = NO;
				CLANG_ANALYZER_NONNULL = YES;
				CLANG_CXX_LANGUAGE_STANDARD = "gnu++0x";
				CLANG_CXX_LIBRARY = "libc++";
				CLANG_ENABLE_MODULES = YES;
				CLANG_ENABLE_OBJC_ARC = YES;
				CLANG_WARN_BOOL_CONVERSION = YES;
				CLANG_WARN_CONSTANT_CONVERSION = YES;
				CLANG_WARN_DIRECT_OBJC_ISA_USAGE = YES_ERROR;
				CLANG_WARN_DOCUMENTATION_COMMENTS = YES;
				CLANG_WARN_EMPTY_BODY = YES;
				CLANG_WARN_ENUM_CONVERSION = YES;
				CLANG_WARN_INFINITE_RECURSION = YES;
				CLANG_WARN_INT_CONVERSION = YES;
				CLANG_WARN_OBJC_ROOT_CLASS = YES_ERROR;
				CLANG_WARN_SUSPICIOUS_MOVE = YES;
				CLANG_WARN_UNREACHABLE_CODE = YES;
				CLANG_WARN__DUPLICATE_METHOD_MATCH = YES;
				"CODE_SIGN_IDENTITY[sdk=iphoneos*]" = "iPhone Developer";
				COPY_PHASE_STRIP = NO;
				DEBUG_INFORMATION_FORMAT = dwarf;
				ENABLE_STRICT_OBJC_MSGSEND = YES;
				ENABLE_TESTABILITY = YES;
				GCC_C_LANGUAGE_STANDARD = gnu99;
				GCC_DYNAMIC_NO_PIC = NO;
				GCC_NO_COMMON_BLOCKS = YES;
				GCC_OPTIMIZATION_LEVEL = 0;
				GCC_PREPROCESSOR_DEFINITIONS = (
					"DEBUG=1",
					"$(inherited)",
				);
				GCC_WARN_64_TO_32_BIT_CONVERSION = YES;
				GCC_WARN_ABOUT_RETURN_TYPE = YES_ERROR;
				GCC_WARN_UNDECLARED_SELECTOR = YES;
				GCC_WARN_UNINITIALIZED_AUTOS = YES_AGGRESSIVE;
				GCC_WARN_UNUSED_FUNCTION = YES;
				GCC_WARN_UNUSED_VARIABLE = YES;
				IPHONEOS_DEPLOYMENT_TARGET = 10.2;
				MTL_ENABLE_DEBUG_INFO = YES;
				ONLY_ACTIVE_ARCH = YES;
				SDKROOT = iphoneos;
				SWIFT_ACTIVE_COMPILATION_CONDITIONS = DEBUG;
				SWIFT_OPTIMIZATION_LEVEL = "-Onone";
			};
			name = Debug;
		};
		6DED76901E7A978D002A0C7F /* Release */ = {
			isa = XCBuildConfiguration;
			buildSettings = {
				ALWAYS_SEARCH_USER_PATHS = NO;
				CLANG_ANALYZER_NONNULL = YES;
				CLANG_CXX_LANGUAGE_STANDARD = "gnu++0x";
				CLANG_CXX_LIBRARY = "libc++";
				CLANG_ENABLE_MODULES = YES;
				CLANG_ENABLE_OBJC_ARC = YES;
				CLANG_WARN_BOOL_CONVERSION = YES;
				CLANG_WARN_CONSTANT_CONVERSION = YES;
				CLANG_WARN_DIRECT_OBJC_ISA_USAGE = YES_ERROR;
				CLANG_WARN_DOCUMENTATION_COMMENTS = YES;
				CLANG_WARN_EMPTY_BODY = YES;
				CLANG_WARN_ENUM_CONVERSION = YES;
				CLANG_WARN_INFINITE_RECURSION = YES;
				CLANG_WARN_INT_CONVERSION = YES;
				CLANG_WARN_OBJC_ROOT_CLASS = YES_ERROR;
				CLANG_WARN_SUSPICIOUS_MOVE = YES;
				CLANG_WARN_UNREACHABLE_CODE = YES;
				CLANG_WARN__DUPLICATE_METHOD_MATCH = YES;
				"CODE_SIGN_IDENTITY[sdk=iphoneos*]" = "iPhone Developer";
				COPY_PHASE_STRIP = NO;
				DEBUG_INFORMATION_FORMAT = "dwarf-with-dsym";
				ENABLE_NS_ASSERTIONS = NO;
				ENABLE_STRICT_OBJC_MSGSEND = YES;
				GCC_C_LANGUAGE_STANDARD = gnu99;
				GCC_NO_COMMON_BLOCKS = YES;
				GCC_WARN_64_TO_32_BIT_CONVERSION = YES;
				GCC_WARN_ABOUT_RETURN_TYPE = YES_ERROR;
				GCC_WARN_UNDECLARED_SELECTOR = YES;
				GCC_WARN_UNINITIALIZED_AUTOS = YES_AGGRESSIVE;
				GCC_WARN_UNUSED_FUNCTION = YES;
				GCC_WARN_UNUSED_VARIABLE = YES;
				IPHONEOS_DEPLOYMENT_TARGET = 10.2;
				MTL_ENABLE_DEBUG_INFO = NO;
				SDKROOT = iphoneos;
				SWIFT_OPTIMIZATION_LEVEL = "-Owholemodule";
				VALIDATE_PRODUCT = YES;
			};
			name = Release;
		};
		6DED76921E7A978D002A0C7F /* Debug */ = {
			isa = XCBuildConfiguration;
			buildSettings = {
				ASSETCATALOG_COMPILER_APPICON_NAME = AppIcon;
				DEVELOPMENT_TEAM = LE75NS246X;
				INFOPLIST_FILE = Piano/Info.plist;
				IPHONEOS_DEPLOYMENT_TARGET = 9.3;
				LD_RUNPATH_SEARCH_PATHS = "$(inherited) @executable_path/Frameworks";
				PRODUCT_BUNDLE_IDENTIFIER = Maor.Piano;
				PRODUCT_NAME = "$(TARGET_NAME)";
				SWIFT_VERSION = 3.0;
				TARGETED_DEVICE_FAMILY = "1,2";
			};
			name = Debug;
		};
		6DED76931E7A978D002A0C7F /* Release */ = {
			isa = XCBuildConfiguration;
			buildSettings = {
				ASSETCATALOG_COMPILER_APPICON_NAME = AppIcon;
				DEVELOPMENT_TEAM = LE75NS246X;
				INFOPLIST_FILE = Piano/Info.plist;
				IPHONEOS_DEPLOYMENT_TARGET = 9.3;
				LD_RUNPATH_SEARCH_PATHS = "$(inherited) @executable_path/Frameworks";
				PRODUCT_BUNDLE_IDENTIFIER = Maor.Piano;
				PRODUCT_NAME = "$(TARGET_NAME)";
				SWIFT_VERSION = 3.0;
				TARGETED_DEVICE_FAMILY = "1,2";
			};
			name = Release;
		};
/* End XCBuildConfiguration section */

/* Begin XCConfigurationList section */
		6DED767A1E7A978D002A0C7F /* Build configuration list for PBXProject "Piano" */ = {
			isa = XCConfigurationList;
			buildConfigurations = (
				6DED768F1E7A978D002A0C7F /* Debug */,
				6DED76901E7A978D002A0C7F /* Release */,
			);
			defaultConfigurationIsVisible = 0;
			defaultConfigurationName = Release;
		};
		6DED76911E7A978D002A0C7F /* Build configuration list for PBXNativeTarget "Piano" */ = {
			isa = XCConfigurationList;
			buildConfigurations = (
				6DED76921E7A978D002A0C7F /* Debug */,
				6DED76931E7A978D002A0C7F /* Release */,
			);
			defaultConfigurationIsVisible = 0;
			defaultConfigurationName = Release;
		};
/* End XCConfigurationList section */
	};
	rootObject = 6DED76771E7A978D002A0C7F /* Project object */;
}
